// !$*UTF8*$!
{
	archiveVersion = 1;
	classes = {
	};
	objectVersion = 46;
	objects = {

/* Begin PBXContainerItemProxy section */
		D08F2FA71DB3663300A04D35 /* PBXContainerItemProxy */ = {
			isa = PBXContainerItemProxy;
			containerPortal = D08F2F8A1DB3663200A04D35 /* Project object */;
			proxyType = 1;
			remoteGlobalIDString = D08F2F911DB3663300A04D35;
			remoteInfo = mini_reto_W_2;
		};
		D08F2FB21DB3663300A04D35 /* PBXContainerItemProxy */ = {
			isa = PBXContainerItemProxy;
			containerPortal = D08F2F8A1DB3663200A04D35 /* Project object */;
			proxyType = 1;
			remoteGlobalIDString = D08F2F911DB3663300A04D35;
			remoteInfo = mini_reto_W_2;
		};
/* End PBXContainerItemProxy section */

/* Begin PBXFileReference section */
		D08F2F921DB3663300A04D35 /* mini_reto_W_2.app */ = {isa = PBXFileReference; explicitFileType = wrapper.application; includeInIndex = 0; name = mini_reto_W_2.app; path = "/Users/fernandomunizgalarza/Desktop/Swift/mini_reto_W_2/build/Debug-iphoneos/mini_reto_W_2.app"; sourceTree = "<absolute>"; };
		D08F2FA61DB3663300A04D35 /* mini_reto_W_2Tests.xctest */ = {isa = PBXFileReference; explicitFileType = wrapper.cfbundle; includeInIndex = 0; name = mini_reto_W_2Tests.xctest; path = "/Users/fernandomunizgalarza/Desktop/Swift/mini_reto_W_2/build/Debug-iphoneos/mini_reto_W_2Tests.xctest"; sourceTree = "<absolute>"; };
		D08F2FB11DB3663300A04D35 /* mini_reto_W_2UITests.xctest */ = {isa = PBXFileReference; explicitFileType = wrapper.cfbundle; includeInIndex = 0; name = mini_reto_W_2UITests.xctest; path = "/Users/fernandomunizgalarza/Desktop/Swift/mini_reto_W_2/build/Debug-iphoneos/mini_reto_W_2UITests.xctest"; sourceTree = "<absolute>"; };
		D08F2FC31DB3666C00A04D35 /* mini_reto_Week_2_simple.playground */ = {isa = PBXFileReference; lastKnownFileType = file.playground; name = mini_reto_Week_2_simple.playground; path = ../mini_reto_Week_2_simple.playground; sourceTree = "<group>"; };
/* End PBXFileReference section */

/* Begin PBXFrameworksBuildPhase section */
		D08F2F8F1DB3663300A04D35 /* Frameworks */ = {
			isa = PBXFrameworksBuildPhase;
			buildActionMask = 2147483647;
			files = (
			);
			runOnlyForDeploymentPostprocessing = 0;
		};
		D08F2FA31DB3663300A04D35 /* Frameworks */ = {
			isa = PBXFrameworksBuildPhase;
			buildActionMask = 2147483647;
			files = (
			);
			runOnlyForDeploymentPostprocessing = 0;
		};
		D08F2FAE1DB3663300A04D35 /* Frameworks */ = {
			isa = PBXFrameworksBuildPhase;
			buildActionMask = 2147483647;
			files = (
			);
			runOnlyForDeploymentPostprocessing = 0;
		};
/* End PBXFrameworksBuildPhase section */

/* Begin PBXGroup section */
		D08F2F891DB3663200A04D35 = {
			isa = PBXGroup;
			children = (
				D08F2FC31DB3666C00A04D35 /* mini_reto_Week_2_simple.playground */,
			);
			sourceTree = "<group>";
		};
/* End PBXGroup section */

/* Begin PBXNativeTarget section */
		D08F2F911DB3663300A04D35 /* mini_reto_W_2 */ = {
			isa = PBXNativeTarget;
			buildConfigurationList = D08F2FBA1DB3663300A04D35 /* Build configuration list for PBXNativeTarget "mini_reto_W_2" */;
			buildPhases = (
				D08F2F8E1DB3663300A04D35 /* Sources */,
				D08F2F8F1DB3663300A04D35 /* Frameworks */,
				D08F2F901DB3663300A04D35 /* Resources */,
			);
			buildRules = (
			);
			dependencies = (
			);
			name = mini_reto_W_2;
			productName = mini_reto_W_2;
			productReference = D08F2F921DB3663300A04D35 /* mini_reto_W_2.app */;
			productType = "com.apple.product-type.application";
		};
		D08F2FA51DB3663300A04D35 /* mini_reto_W_2Tests */ = {
			isa = PBXNativeTarget;
			buildConfigurationList = D08F2FBD1DB3663300A04D35 /* Build configuration list for PBXNativeTarget "mini_reto_W_2Tests" */;
			buildPhases = (
				D08F2FA21DB3663300A04D35 /* Sources */,
				D08F2FA31DB3663300A04D35 /* Frameworks */,
				D08F2FA41DB3663300A04D35 /* Resources */,
			);
			buildRules = (
			);
			dependencies = (
				D08F2FA81DB3663300A04D35 /* PBXTargetDependency */,
			);
			name = mini_reto_W_2Tests;
			productName = mini_reto_W_2Tests;
			productReference = D08F2FA61DB3663300A04D35 /* mini_reto_W_2Tests.xctest */;
			productType = "com.apple.product-type.bundle.unit-test";
		};
		D08F2FB01DB3663300A04D35 /* mini_reto_W_2UITests */ = {
			isa = PBXNativeTarget;
			buildConfigurationList = D08F2FC01DB3663300A04D35 /* Build configuration list for PBXNativeTarget "mini_reto_W_2UITests" */;
			buildPhases = (
				D08F2FAD1DB3663300A04D35 /* Sources */,
				D08F2FAE1DB3663300A04D35 /* Frameworks */,
				D08F2FAF1DB3663300A04D35 /* Resources */,
			);
			buildRules = (
			);
			dependencies = (
				D08F2FB31DB3663300A04D35 /* PBXTargetDependency */,
			);
			name = mini_reto_W_2UITests;
			productName = mini_reto_W_2UITests;
			productReference = D08F2FB11DB3663300A04D35 /* mini_reto_W_2UITests.xctest */;
			productType = "com.apple.product-type.bundle.ui-testing";
		};
/* End PBXNativeTarget section */

/* Begin PBXProject section */
		D08F2F8A1DB3663200A04D35 /* Project object */ = {
			isa = PBXProject;
			attributes = {
				LastSwiftUpdateCheck = 0730;
				LastUpgradeCheck = 0730;
				ORGANIZATIONNAME = "Fernando Muñiz Galarza";
				TargetAttributes = {
					D08F2F911DB3663300A04D35 = {
						CreatedOnToolsVersion = 7.3;
						DevelopmentTeam = 6SSJJ95RYX;
					};
					D08F2FA51DB3663300A04D35 = {
						CreatedOnToolsVersion = 7.3;
						DevelopmentTeam = 6SSJJ95RYX;
						TestTargetID = D08F2F911DB3663300A04D35;
					};
					D08F2FB01DB3663300A04D35 = {
						CreatedOnToolsVersion = 7.3;
						DevelopmentTeam = 6SSJJ95RYX;
						TestTargetID = D08F2F911DB3663300A04D35;
					};
				};
			};
			buildConfigurationList = D08F2F8D1DB3663200A04D35 /* Build configuration list for PBXProject "mini_reto_W_2" */;
			compatibilityVersion = "Xcode 3.2";
			developmentRegion = English;
			hasScannedForEncodings = 0;
			knownRegions = (
				en,
				Base,
			);
			mainGroup = D08F2F891DB3663200A04D35;
			productRefGroup = D08F2F891DB3663200A04D35;
			projectDirPath = "";
			projectRoot = "";
			targets = (
				D08F2F911DB3663300A04D35 /* mini_reto_W_2 */,
				D08F2FA51DB3663300A04D35 /* mini_reto_W_2Tests */,
				D08F2FB01DB3663300A04D35 /* mini_reto_W_2UITests */,
			);
		};
/* End PBXProject section */

/* Begin PBXResourcesBuildPhase section */
		D08F2F901DB3663300A04D35 /* Resources */ = {
			isa = PBXResourcesBuildPhase;
			buildActionMask = 2147483647;
			files = (
			);
			runOnlyForDeploymentPostprocessing = 0;
		};
		D08F2FA41DB3663300A04D35 /* Resources */ = {
			isa = PBXResourcesBuildPhase;
			buildActionMask = 2147483647;
			files = (
			);
			runOnlyForDeploymentPostprocessing = 0;
		};
		D08F2FAF1DB3663300A04D35 /* Resources */ = {
			isa = PBXResourcesBuildPhase;
			buildActionMask = 2147483647;
			files = (
			);
			runOnlyForDeploymentPostprocessing = 0;
		};
/* End PBXResourcesBuildPhase section */

/* Begin PBXSourcesBuildPhase section */
		D08F2F8E1DB3663300A04D35 /* Sources */ = {
			isa = PBXSourcesBuildPhase;
			buildActionMask = 2147483647;
			files = (
			);
			runOnlyForDeploymentPostprocessing = 0;
		};
		D08F2FA21DB3663300A04D35 /* Sources */ = {
			isa = PBXSourcesBuildPhase;
			buildActionMask = 2147483647;
			files = (
			);
			runOnlyForDeploymentPostprocessing = 0;
		};
		D08F2FAD1DB3663300A04D35 /* Sources */ = {
			isa = PBXSourcesBuildPhase;
			buildActionMask = 2147483647;
			files = (
			);
			runOnlyForDeploymentPostprocessing = 0;
		};
/* End PBXSourcesBuildPhase section */

/* Begin PBXTargetDependency section */
		D08F2FA81DB3663300A04D35 /* PBXTargetDependency */ = {
			isa = PBXTargetDependency;
			target = D08F2F911DB3663300A04D35 /* mini_reto_W_2 */;
			targetProxy = D08F2FA71DB3663300A04D35 /* PBXContainerItemProxy */;
		};
		D08F2FB31DB3663300A04D35 /* PBXTargetDependency */ = {
			isa = PBXTargetDependency;
			target = D08F2F911DB3663300A04D35 /* mini_reto_W_2 */;
			targetProxy = D08F2FB21DB3663300A04D35 /* PBXContainerItemProxy */;
		};
/* End PBXTargetDependency section */

/* Begin XCBuildConfiguration section */
		D08F2FB81DB3663300A04D35 /* Debug */ = {
			isa = XCBuildConfiguration;
			buildSettings = {
				ALWAYS_SEARCH_USER_PATHS = NO;
				CLANG_ANALYZER_NONNULL = YES;
				CLANG_CXX_LANGUAGE_STANDARD = "gnu++0x";
				CLANG_CXX_LIBRARY = "libc++";
				CLANG_ENABLE_MODULES = YES;
				CLANG_ENABLE_OBJC_ARC = YES;
				CLANG_WARN_BOOL_CONVERSION = YES;
				CLANG_WARN_CONSTANT_CONVERSION = YES;
				CLANG_WARN_DIRECT_OBJC_ISA_USAGE = YES_ERROR;
				CLANG_WARN_EMPTY_BODY = YES;
				CLANG_WARN_ENUM_CONVERSION = YES;
				CLANG_WARN_INT_CONVERSION = YES;
				CLANG_WARN_OBJC_ROOT_CLASS = YES_ERROR;
				CLANG_WARN_UNREACHABLE_CODE = YES;
				CLANG_WARN__DUPLICATE_METHOD_MATCH = YES;
				"CODE_SIGN_IDENTITY[sdk=iphoneos*]" = "iPhone Developer";
				COPY_PHASE_STRIP = NO;
				DEBUG_INFORMATION_FORMAT = dwarf;
				ENABLE_STRICT_OBJC_MSGSEND = YES;
				ENABLE_TESTABILITY = YES;
				GCC_C_LANGUAGE_STANDARD = gnu99;
				GCC_DYNAMIC_NO_PIC = NO;
				GCC_NO_COMMON_BLOCKS = YES;
				GCC_OPTIMIZATION_LEVEL = 0;
				GCC_PREPROCESSOR_DEFINITIONS = (
					"DEBUG=1",
					"$(inherited)",
				);
				GCC_WARN_64_TO_32_BIT_CONVERSION = YES;
				GCC_WARN_ABOUT_RETURN_TYPE = YES_ERROR;
				GCC_WARN_UNDECLARED_SELECTOR = YES;
				GCC_WARN_UNINITIALIZED_AUTOS = YES_AGGRESSIVE;
				GCC_WARN_UNUSED_FUNCTION = YES;
				GCC_WARN_UNUSED_VARIABLE = YES;
				IPHONEOS_DEPLOYMENT_TARGET = 9.3;
				MTL_ENABLE_DEBUG_INFO = YES;
				ONLY_ACTIVE_ARCH = YES;
				SDKROOT = iphoneos;
				SWIFT_OPTIMIZATION_LEVEL = "-Onone";
				TARGETED_DEVICE_FAMILY = "1,2";
			};
			name = Debug;
		};
		D08F2FB91DB3663300A04D35 /* Release */ = {
			isa = XCBuildConfiguration;
			buildSettings = {
				ALWAYS_SEARCH_USER_PATHS = NO;
				CLANG_ANALYZER_NONNULL = YES;
				CLANG_CXX_LANGUAGE_STANDARD = "gnu++0x";
				CLANG_CXX_LIBRARY = "libc++";
				CLANG_ENABLE_MODULES = YES;
				CLANG_ENABLE_OBJC_ARC = YES;
				CLANG_WARN_BOOL_CONVERSION = YES;
				CLANG_WARN_CONSTANT_CONVERSION = YES;
				CLANG_WARN_DIRECT_OBJC_ISA_USAGE = YES_ERROR;
				CLANG_WARN_EMPTY_BODY = YES;
				CLANG_WARN_ENUM_CONVERSION = YES;
				CLANG_WARN_INT_CONVERSION = YES;
				CLANG_WARN_OBJC_ROOT_CLASS = YES_ERROR;
				CLANG_WARN_UNREACHABLE_CODE = YES;
				CLANG_WARN__DUPLICATE_METHOD_MATCH = YES;
				"CODE_SIGN_IDENTITY[sdk=iphoneos*]" = "iPhone Developer";
				COPY_PHASE_STRIP = NO;
				DEBUG_INFORMATION_FORMAT = "dwarf-with-dsym";
				ENABLE_NS_ASSERTIONS = NO;
				ENABLE_STRICT_OBJC_MSGSEND = YES;
				GCC_C_LANGUAGE_STANDARD = gnu99;
				GCC_NO_COMMON_BLOCKS = YES;
				GCC_WARN_64_TO_32_BIT_CONVERSION = YES;
				GCC_WARN_ABOUT_RETURN_TYPE = YES_ERROR;
				GCC_WARN_UNDECLARED_SELECTOR = YES;
				GCC_WARN_UNINITIALIZED_AUTOS = YES_AGGRESSIVE;
				GCC_WARN_UNUSED_FUNCTION = YES;
				GCC_WARN_UNUSED_VARIABLE = YES;
				IPHONEOS_DEPLOYMENT_TARGET = 9.3;
				MTL_ENABLE_DEBUG_INFO = NO;
				SDKROOT = iphoneos;
				TARGETED_DEVICE_FAMILY = "1,2";
				VALIDATE_PRODUCT = YES;
			};
			name = Release;
		};
		D08F2FBB1DB3663300A04D35 /* Debug */ = {
			isa = XCBuildConfiguration;
			buildSettings = {
				ASSETCATALOG_COMPILER_APPICON_NAME = AppIcon;
				INFOPLIST_FILE = mini_reto_W_2/Info.plist;
				LD_RUNPATH_SEARCH_PATHS = "$(inherited) @executable_path/Frameworks";
				PRODUCT_BUNDLE_IDENTIFIER = "com.example.mini-reto-W-2";
				PRODUCT_NAME = "$(TARGET_NAME)";
			};
			name = Debug;
		};
		D08F2FBC1DB3663300A04D35 /* Release */ = {
			isa = XCBuildConfiguration;
			buildSettings = {
				ASSETCATALOG_COMPILER_APPICON_NAME = AppIcon;
				INFOPLIST_FILE = mini_reto_W_2/Info.plist;
				LD_RUNPATH_SEARCH_PATHS = "$(inherited) @executable_path/Frameworks";
				PRODUCT_BUNDLE_IDENTIFIER = "com.example.mini-reto-W-2";
				PRODUCT_NAME = "$(TARGET_NAME)";
			};
			name = Release;
		};
		D08F2FBE1DB3663300A04D35 /* Debug */ = {
			isa = XCBuildConfiguration;
			buildSettings = {
				BUNDLE_LOADER = "$(TEST_HOST)";
				INFOPLIST_FILE = mini_reto_W_2Tests/Info.plist;
				LD_RUNPATH_SEARCH_PATHS = "$(inherited) @executable_path/Frameworks @loader_path/Frameworks";
				PRODUCT_BUNDLE_IDENTIFIER = "com.example.mini-reto-W-2Tests";
				PRODUCT_NAME = "$(TARGET_NAME)";
				TEST_HOST = "$(BUILT_PRODUCTS_DIR)/mini_reto_W_2.app/mini_reto_W_2";
			};
			name = Debug;
		};
		D08F2FBF1DB3663300A04D35 /* Release */ = {
			isa = XCBuildConfiguration;
			buildSettings = {
				BUNDLE_LOADER = "$(TEST_HOST)";
				INFOPLIST_FILE = mini_reto_W_2Tests/Info.plist;
				LD_RUNPATH_SEARCH_PATHS = "$(inherited) @executable_path/Frameworks @loader_path/Frameworks";
				PRODUCT_BUNDLE_IDENTIFIER = "com.example.mini-reto-W-2Tests";
				PRODUCT_NAME = "$(TARGET_NAME)";
				TEST_HOST = "$(BUILT_PRODUCTS_DIR)/mini_reto_W_2.app/mini_reto_W_2";
			};
			name = Release;
		};
		D08F2FC11DB3663300A04D35 /* Debug */ = {
			isa = XCBuildConfiguration;
			buildSettings = {
				INFOPLIST_FILE = mini_reto_W_2UITests/Info.plist;
				LD_RUNPATH_SEARCH_PATHS = "$(inherited) @executable_path/Frameworks @loader_path/Frameworks";
				PRODUCT_BUNDLE_IDENTIFIER = "com.example.mini-reto-W-2UITests";
				PRODUCT_NAME = "$(TARGET_NAME)";
				TEST_TARGET_NAME = mini_reto_W_2;
			};
			name = Debug;
		};
		D08F2FC21DB3663300A04D35 /* Release */ = {
			isa = XCBuildConfiguration;
			buildSettings = {
				INFOPLIST_FILE = mini_reto_W_2UITests/Info.plist;
				LD_RUNPATH_SEARCH_PATHS = "$(inherited) @executable_path/Frameworks @loader_path/Frameworks";
				PRODUCT_BUNDLE_IDENTIFIER = "com.example.mini-reto-W-2UITests";
				PRODUCT_NAME = "$(TARGET_NAME)";
				TEST_TARGET_NAME = mini_reto_W_2;
			};
			name = Release;
		};
/* End XCBuildConfiguration section */

/* Begin XCConfigurationList section */
		D08F2F8D1DB3663200A04D35 /* Build configuration list for PBXProject "mini_reto_W_2" */ = {
			isa = XCConfigurationList;
			buildConfigurations = (
				D08F2FB81DB3663300A04D35 /* Debug */,
				D08F2FB91DB3663300A04D35 /* Release */,
			);
			defaultConfigurationIsVisible = 0;
			defaultConfigurationName = Release;
		};
		D08F2FBA1DB3663300A04D35 /* Build configuration list for PBXNativeTarget "mini_reto_W_2" */ = {
			isa = XCConfigurationList;
			buildConfigurations = (
				D08F2FBB1DB3663300A04D35 /* Debug */,
				D08F2FBC1DB3663300A04D35 /* Release */,
			);
			defaultConfigurationIsVisible = 0;
		};
		D08F2FBD1DB3663300A04D35 /* Build configuration list for PBXNativeTarget "mini_reto_W_2Tests" */ = {
			isa = XCConfigurationList;
			buildConfigurations = (
				D08F2FBE1DB3663300A04D35 /* Debug */,
				D08F2FBF1DB3663300A04D35 /* Release */,
			);
			defaultConfigurationIsVisible = 0;
		};
		D08F2FC01DB3663300A04D35 /* Build configuration list for PBXNativeTarget "mini_reto_W_2UITests" */ = {
			isa = XCConfigurationList;
			buildConfigurations = (
				D08F2FC11DB3663300A04D35 /* Debug */,
				D08F2FC21DB3663300A04D35 /* Release */,
			);
			defaultConfigurationIsVisible = 0;
		};
/* End XCConfigurationList section */
	};
	rootObject = D08F2F8A1DB3663200A04D35 /* Project object */;
}
